
Microsoft Visual Studio Solution File, Format Version 12.00
# Visual Studio Version 16
VisualStudioVersion = 16.0.32228.343
MinimumVisualStudioVersion = 10.0.40219.1
Project("{FAE04EC0-301F-11D3-BF4B-00C04F79EFBC}") = "StatisticArray", "StatisticArray\StatisticArray.csproj", "{C89CEBF1-FB41-429A-9A21-78EA91C30DF9}"
EndProject
Global
	GlobalSection(SolutionConfigurationPlatforms) = preSolution
		Debug|Any CPU = Debug|Any CPU
		Release|Any CPU = Release|Any CPU
	EndGlobalSection
	GlobalSection(ProjectConfigurationPlatforms) = postSolution
		{C89CEBF1-FB41-429A-9A21-78EA91C30DF9}.Debug|Any CPU.ActiveCfg = Debug|Any CPU
		{C89CEBF1-FB41-429A-9A21-78EA91C30DF9}.Debug|Any CPU.Build.0 = Debug|Any CPU
		{C89CEBF1-FB41-429A-9A21-78EA91C30DF9}.Release|Any CPU.ActiveCfg = Release|Any CPU
		{C89CEBF1-FB41-429A-9A21-78EA91C30DF9}.Release|Any CPU.Build.0 = Release|Any CPU
	EndGlobalSection
	GlobalSection(SolutionProperties) = preSolution
		HideSolutionNode = FALSE
	EndGlobalSection
	GlobalSection(ExtensibilityGlobals) = postSolution
		SolutionGuid = {55F4DFD4-665F-45FA-A36B-3E8509227CD4}
	EndGlobalSection
EndGlobal
